
Microsoft Visual Studio Solution File, Format Version 12.00
# Visual Studio Version 17
VisualStudioVersion = 17.13.35828.75 d17.13
MinimumVisualStudioVersion = 10.0.40219.1
Project("{FAE04EC0-301F-11D3-BF4B-00C04F79EFBC}") = "thad-the-barber-api", "thad-the-barber-api.csproj", "{29B90F37-0BEA-4913-91F7-C2089549C4B5}"
EndProject
Global
	GlobalSection(SolutionConfigurationPlatforms) = preSolution
		Debug|Any CPU = Debug|Any CPU
		Release|Any CPU = Release|Any CPU
	EndGlobalSection
	GlobalSection(ProjectConfigurationPlatforms) = postSolution
		{29B90F37-0BEA-4913-91F7-C2089549C4B5}.Debug|Any CPU.ActiveCfg = Debug|Any CPU
		{29B90F37-0BEA-4913-91F7-C2089549C4B5}.Debug|Any CPU.Build.0 = Debug|Any CPU
		{29B90F37-0BEA-4913-91F7-C2089549C4B5}.Release|Any CPU.ActiveCfg = Release|Any CPU
		{29B90F37-0BEA-4913-91F7-C2089549C4B5}.Release|Any CPU.Build.0 = Release|Any CPU
	EndGlobalSection
	GlobalSection(SolutionProperties) = preSolution
		HideSolutionNode = FALSE
	EndGlobalSection
	GlobalSection(ExtensibilityGlobals) = postSolution
		SolutionGuid = {C6B5A5FF-D109-45E1-96C8-0607BA3E996D}
	EndGlobalSection
EndGlobal
